
Microsoft Visual Studio Solution File, Format Version 12.00
# Visual Studio Version 17
VisualStudioVersion = 17.0.31903.59
MinimumVisualStudioVersion = 10.0.40219.1
Project("{2150E333-8FDC-42A3-9474-1A3956D46DE8}") = "backend", "backend", "{D60C6E8D-E5F3-4413-8590-C78674BAA944}"
EndProject
Project("{FAE04EC0-301F-11D3-BF4B-00C04F79EFBC}") = "Curriculos.Api", "backend\Curriculos.Api\Curriculos.Api.csproj", "{9CCFB586-D1FD-477E-B50B-828A5D7AB4FE}"
EndProject
Project("{FAE04EC0-301F-11D3-BF4B-00C04F79EFBC}") = "Curriculos.Tests", "backend\Curriculos.Tests\Curriculos.Tests.csproj", "{1A34DFCE-70D2-4C93-850D-D230C618A7A4}"
EndProject
Global
	GlobalSection(SolutionConfigurationPlatforms) = preSolution
		Debug|Any CPU = Debug|Any CPU
		Release|Any CPU = Release|Any CPU
	EndGlobalSection
	GlobalSection(SolutionProperties) = preSolution
		HideSolutionNode = FALSE
	EndGlobalSection
	GlobalSection(ProjectConfigurationPlatforms) = postSolution
		{9CCFB586-D1FD-477E-B50B-828A5D7AB4FE}.Debug|Any CPU.ActiveCfg = Debug|Any CPU
		{9CCFB586-D1FD-477E-B50B-828A5D7AB4FE}.Debug|Any CPU.Build.0 = Debug|Any CPU
		{9CCFB586-D1FD-477E-B50B-828A5D7AB4FE}.Release|Any CPU.ActiveCfg = Release|Any CPU
		{9CCFB586-D1FD-477E-B50B-828A5D7AB4FE}.Release|Any CPU.Build.0 = Release|Any CPU
		{1A34DFCE-70D2-4C93-850D-D230C618A7A4}.Debug|Any CPU.ActiveCfg = Debug|Any CPU
		{1A34DFCE-70D2-4C93-850D-D230C618A7A4}.Debug|Any CPU.Build.0 = Debug|Any CPU
		{1A34DFCE-70D2-4C93-850D-D230C618A7A4}.Release|Any CPU.ActiveCfg = Release|Any CPU
		{1A34DFCE-70D2-4C93-850D-D230C618A7A4}.Release|Any CPU.Build.0 = Release|Any CPU
	EndGlobalSection
	GlobalSection(NestedProjects) = preSolution
		{9CCFB586-D1FD-477E-B50B-828A5D7AB4FE} = {D60C6E8D-E5F3-4413-8590-C78674BAA944}
		{1A34DFCE-70D2-4C93-850D-D230C618A7A4} = {D60C6E8D-E5F3-4413-8590-C78674BAA944}
	EndGlobalSection
EndGlobal
